
Microsoft Visual Studio Solution File, Format Version 12.00
# Visual Studio 14
VisualStudioVersion = 14.0.25420.1
MinimumVisualStudioVersion = 10.0.40219.1
Project("{8BC9CEB8-8B4A-11D0-8D11-00A0C91BC942}") = "FloadyEngine", "FloadyEngine\FloadyEngine.vcxproj", "{65BA6B41-D3EE-4A5F-AF8E-538C0EE4C95C}"
	ProjectSection(ProjectDependencies) = postProject
		{4D44D91C-BD20-4CCA-A3A9-CAE3E6A0FE41} = {4D44D91C-BD20-4CCA-A3A9-CAE3E6A0FE41}
		{EE537A44-CDD5-4BBF-A591-FCC7DB6B61C5} = {EE537A44-CDD5-4BBF-A591-FCC7DB6B61C5}
		{A58A3C8F-1891-4566-8F0C-54B398938A44} = {A58A3C8F-1891-4566-8F0C-54B398938A44}
		{91B922B6-4447-4B64-A235-C16E025CAAF2} = {91B922B6-4447-4B64-A235-C16E025CAAF2}
		{C5A2AEC6-CF04-4E9C-98FE-70A5691F6258} = {C5A2AEC6-CF04-4E9C-98FE-70A5691F6258}
	EndProjectSection
EndProject
Project("{8BC9CEB8-8B4A-11D0-8D11-00A0C91BC942}") = "FJson", "FJson\FJson.vcxproj", "{EE537A44-CDD5-4BBF-A591-FCC7DB6B61C5}"
EndProject
Project("{8BC9CEB8-8B4A-11D0-8D11-00A0C91BC942}") = "RecastDetour", "RecastDetour\RecastDetour.vcxproj", "{4D44D91C-BD20-4CCA-A3A9-CAE3E6A0FE41}"
EndProject
Project("{8BC9CEB8-8B4A-11D0-8D11-00A0C91BC942}") = "FPhysics", "FPhysics\FPhysics.vcxproj", "{C5A2AEC6-CF04-4E9C-98FE-70A5691F6258}"
EndProject
Project("{8BC9CEB8-8B4A-11D0-8D11-00A0C91BC942}") = "FGame", "FGame\FGame.vcxproj", "{85EC9DDA-4E06-4560-9260-338A7D4C41B2}"
EndProject
Project("{8BC9CEB8-8B4A-11D0-8D11-00A0C91BC942}") = "FAssetLib", "FAssetLib\FAssetLib.vcxproj", "{A58A3C8F-1891-4566-8F0C-54B398938A44}"
EndProject
Project("{8BC9CEB8-8B4A-11D0-8D11-00A0C91BC942}") = "FMath", "FMath\FMath.vcxproj", "{91B922B6-4447-4B64-A235-C16E025CAAF2}"
EndProject
Project("{8BC9CEB8-8B4A-11D0-8D11-00A0C91BC942}") = "FD3d12Renderer", "FD3d12Renderer\FD3d12Renderer.vcxproj", "{8CFB83A4-67D2-4C4E-A0B5-062EFAD0872D}"
EndProject
Project("{8BC9CEB8-8B4A-11D0-8D11-00A0C91BC942}") = "FCommon", "FCommon\FCommon.vcxproj", "{2A94ED04-BAFB-45BC-B55B-C4E18F67B728}"
EndProject
Global
	GlobalSection(SolutionConfigurationPlatforms) = preSolution
		Debug DLL|ARM = Debug DLL|ARM
		Debug DLL|x64 = Debug DLL|x64
		Debug DLL|x86 = Debug DLL|x86
		Debug|ARM = Debug|ARM
		Debug|x64 = Debug|x64
		Debug|x86 = Debug|x86
		Release|ARM = Release|ARM
		Release|x64 = Release|x64
		Release|x86 = Release|x86
	EndGlobalSection
	GlobalSection(ProjectConfigurationPlatforms) = postSolution
		{65BA6B41-D3EE-4A5F-AF8E-538C0EE4C95C}.Debug DLL|ARM.ActiveCfg = Debug DLL|Win32
		{65BA6B41-D3EE-4A5F-AF8E-538C0EE4C95C}.Debug DLL|x64.ActiveCfg = Debug DLL|x64
		{65BA6B41-D3EE-4A5F-AF8E-538C0EE4C95C}.Debug DLL|x64.Build.0 = Debug DLL|x64
		{65BA6B41-D3EE-4A5F-AF8E-538C0EE4C95C}.Debug DLL|x86.ActiveCfg = Debug DLL|Win32
		{65BA6B41-D3EE-4A5F-AF8E-538C0EE4C95C}.Debug DLL|x86.Build.0 = Debug DLL|Win32
		{65BA6B41-D3EE-4A5F-AF8E-538C0EE4C95C}.Debug|ARM.ActiveCfg = Debug|Win32
		{65BA6B41-D3EE-4A5F-AF8E-538C0EE4C95C}.Debug|x64.ActiveCfg = Debug|x64
		{65BA6B41-D3EE-4A5F-AF8E-538C0EE4C95C}.Debug|x64.Build.0 = Debug|x64
		{65BA6B41-D3EE-4A5F-AF8E-538C0EE4C95C}.Debug|x86.ActiveCfg = Debug|Win32
		{65BA6B41-D3EE-4A5F-AF8E-538C0EE4C95C}.Debug|x86.Build.0 = Debug|Win32
		{65BA6B41-D3EE-4A5F-AF8E-538C0EE4C95C}.Release|ARM.ActiveCfg = Release|Win32
		{65BA6B41-D3EE-4A5F-AF8E-538C0EE4C95C}.Release|x64.ActiveCfg = Release|x64
		{65BA6B41-D3EE-4A5F-AF8E-538C0EE4C95C}.Release|x64.Build.0 = Release|x64
		{65BA6B41-D3EE-4A5F-AF8E-538C0EE4C95C}.Release|x86.ActiveCfg = Release|Win32
		{65BA6B41-D3EE-4A5F-AF8E-538C0EE4C95C}.Release|x86.Build.0 = Release|Win32
		{EE537A44-CDD5-4BBF-A591-FCC7DB6B61C5}.Debug DLL|ARM.ActiveCfg = Release|Win32
		{EE537A44-CDD5-4BBF-A591-FCC7DB6B61C5}.Debug DLL|ARM.Build.0 = Release|Win32
		{EE537A44-CDD5-4BBF-A591-FCC7DB6B61C5}.Debug DLL|x64.ActiveCfg = Debug|x64
		{EE537A44-CDD5-4BBF-A591-FCC7DB6B61C5}.Debug DLL|x64.Build.0 = Debug|x64
		{EE537A44-CDD5-4BBF-A591-FCC7DB6B61C5}.Debug DLL|x86.ActiveCfg = Debug|Win32
		{EE537A44-CDD5-4BBF-A591-FCC7DB6B61C5}.Debug DLL|x86.Build.0 = Debug|Win32
		{EE537A44-CDD5-4BBF-A591-FCC7DB6B61C5}.Debug|ARM.ActiveCfg = Debug|Win32
		{EE537A44-CDD5-4BBF-A591-FCC7DB6B61C5}.Debug|x64.ActiveCfg = Debug|x64
		{EE537A44-CDD5-4BBF-A591-FCC7DB6B61C5}.Debug|x64.Build.0 = Debug|x64
		{EE537A44-CDD5-4BBF-A591-FCC7DB6B61C5}.Debug|x86.ActiveCfg = Debug|Win32
		{EE537A44-CDD5-4BBF-A591-FCC7DB6B61C5}.Debug|x86.Build.0 = Debug|Win32
		{EE537A44-CDD5-4BBF-A591-FCC7DB6B61C5}.Release|ARM.ActiveCfg = Release|Win32
		{EE537A44-CDD5-4BBF-A591-FCC7DB6B61C5}.Release|x64.ActiveCfg = Release|x64
		{EE537A44-CDD5-4BBF-A591-FCC7DB6B61C5}.Release|x64.Build.0 = Release|x64
		{EE537A44-CDD5-4BBF-A591-FCC7DB6B61C5}.Release|x86.ActiveCfg = Release|Win32
		{EE537A44-CDD5-4BBF-A591-FCC7DB6B61C5}.Release|x86.Build.0 = Release|Win32
		{4D44D91C-BD20-4CCA-A3A9-CAE3E6A0FE41}.Debug DLL|ARM.ActiveCfg = Release|Win32
		{4D44D91C-BD20-4CCA-A3A9-CAE3E6A0FE41}.Debug DLL|ARM.Build.0 = Release|Win32
		{4D44D91C-BD20-4CCA-A3A9-CAE3E6A0FE41}.Debug DLL|x64.ActiveCfg = Debug|x64
		{4D44D91C-BD20-4CCA-A3A9-CAE3E6A0FE41}.Debug DLL|x64.Build.0 = Debug|x64
		{4D44D91C-BD20-4CCA-A3A9-CAE3E6A0FE41}.Debug DLL|x86.ActiveCfg = Debug|Win32
		{4D44D91C-BD20-4CCA-A3A9-CAE3E6A0FE41}.Debug DLL|x86.Build.0 = Debug|Win32
		{4D44D91C-BD20-4CCA-A3A9-CAE3E6A0FE41}.Debug|ARM.ActiveCfg = Debug|Win32
		{4D44D91C-BD20-4CCA-A3A9-CAE3E6A0FE41}.Debug|x64.ActiveCfg = Debug|x64
		{4D44D91C-BD20-4CCA-A3A9-CAE3E6A0FE41}.Debug|x64.Build.0 = Debug|x64
		{4D44D91C-BD20-4CCA-A3A9-CAE3E6A0FE41}.Debug|x86.ActiveCfg = Debug|Win32
		{4D44D91C-BD20-4CCA-A3A9-CAE3E6A0FE41}.Debug|x86.Build.0 = Debug|Win32
		{4D44D91C-BD20-4CCA-A3A9-CAE3E6A0FE41}.Release|ARM.ActiveCfg = Release|Win32
		{4D44D91C-BD20-4CCA-A3A9-CAE3E6A0FE41}.Release|x64.ActiveCfg = Release|x64
		{4D44D91C-BD20-4CCA-A3A9-CAE3E6A0FE41}.Release|x64.Build.0 = Release|x64
		{4D44D91C-BD20-4CCA-A3A9-CAE3E6A0FE41}.Release|x86.ActiveCfg = Release|Win32
		{4D44D91C-BD20-4CCA-A3A9-CAE3E6A0FE41}.Release|x86.Build.0 = Release|Win32
		{C5A2AEC6-CF04-4E9C-98FE-70A5691F6258}.Debug DLL|ARM.ActiveCfg = Release|Win32
		{C5A2AEC6-CF04-4E9C-98FE-70A5691F6258}.Debug DLL|ARM.Build.0 = Release|Win32
		{C5A2AEC6-CF04-4E9C-98FE-70A5691F6258}.Debug DLL|x64.ActiveCfg = Debug|x64
		{C5A2AEC6-CF04-4E9C-98FE-70A5691F6258}.Debug DLL|x64.Build.0 = Debug|x64
		{C5A2AEC6-CF04-4E9C-98FE-70A5691F6258}.Debug DLL|x86.ActiveCfg = Debug|Win32
		{C5A2AEC6-CF04-4E9C-98FE-70A5691F6258}.Debug DLL|x86.Build.0 = Debug|Win32
		{C5A2AEC6-CF04-4E9C-98FE-70A5691F6258}.Debug|ARM.ActiveCfg = Debug|Win32
		{C5A2AEC6-CF04-4E9C-98FE-70A5691F6258}.Debug|x64.ActiveCfg = Debug|x64
		{C5A2AEC6-CF04-4E9C-98FE-70A5691F6258}.Debug|x64.Build.0 = Debug|x64
		{C5A2AEC6-CF04-4E9C-98FE-70A5691F6258}.Debug|x86.ActiveCfg = Debug|Win32
		{C5A2AEC6-CF04-4E9C-98FE-70A5691F6258}.Debug|x86.Build.0 = Debug|Win32
		{C5A2AEC6-CF04-4E9C-98FE-70A5691F6258}.Release|ARM.ActiveCfg = Release|Win32
		{C5A2AEC6-CF04-4E9C-98FE-70A5691F6258}.Release|x64.ActiveCfg = Release|x64
		{C5A2AEC6-CF04-4E9C-98FE-70A5691F6258}.Release|x64.Build.0 = Release|x64
		{C5A2AEC6-CF04-4E9C-98FE-70A5691F6258}.Release|x86.ActiveCfg = Release|Win32
		{C5A2AEC6-CF04-4E9C-98FE-70A5691F6258}.Release|x86.Build.0 = Release|Win32
		{85EC9DDA-4E06-4560-9260-338A7D4C41B2}.Debug DLL|ARM.ActiveCfg = Release|Win32
		{85EC9DDA-4E06-4560-9260-338A7D4C41B2}.Debug DLL|ARM.Build.0 = Release|Win32
		{85EC9DDA-4E06-4560-9260-338A7D4C41B2}.Debug DLL|x64.ActiveCfg = Debug|x64
		{85EC9DDA-4E06-4560-9260-338A7D4C41B2}.Debug DLL|x64.Build.0 = Debug|x64
		{85EC9DDA-4E06-4560-9260-338A7D4C41B2}.Debug DLL|x86.ActiveCfg = Debug|Win32
		{85EC9DDA-4E06-4560-9260-338A7D4C41B2}.Debug DLL|x86.Build.0 = Debug|Win32
		{85EC9DDA-4E06-4560-9260-338A7D4C41B2}.Debug|ARM.ActiveCfg = Debug|Win32
		{85EC9DDA-4E06-4560-9260-338A7D4C41B2}.Debug|x64.ActiveCfg = Debug|x64
		{85EC9DDA-4E06-4560-9260-338A7D4C41B2}.Debug|x64.Build.0 = Debug|x64
		{85EC9DDA-4E06-4560-9260-338A7D4C41B2}.Debug|x86.ActiveCfg = Debug|Win32
		{85EC9DDA-4E06-4560-9260-338A7D4C41B2}.Debug|x86.Build.0 = Debug|Win32
		{85EC9DDA-4E06-4560-9260-338A7D4C41B2}.Release|ARM.ActiveCfg = Release|Win32
		{85EC9DDA-4E06-4560-9260-338A7D4C41B2}.Release|x64.ActiveCfg = Release|x64
		{85EC9DDA-4E06-4560-9260-338A7D4C41B2}.Release|x64.Build.0 = Release|x64
		{85EC9DDA-4E06-4560-9260-338A7D4C41B2}.Release|x86.ActiveCfg = Release|Win32
		{85EC9DDA-4E06-4560-9260-338A7D4C41B2}.Release|x86.Build.0 = Release|Win32
		{A58A3C8F-1891-4566-8F0C-54B398938A44}.Debug DLL|ARM.ActiveCfg = Release|Win32
		{A58A3C8F-1891-4566-8F0C-54B398938A44}.Debug DLL|ARM.Build.0 = Release|Win32
		{A58A3C8F-1891-4566-8F0C-54B398938A44}.Debug DLL|x64.ActiveCfg = Debug|x64
		{A58A3C8F-1891-4566-8F0C-54B398938A44}.Debug DLL|x64.Build.0 = Debug|x64
		{A58A3C8F-1891-4566-8F0C-54B398938A44}.Debug DLL|x86.ActiveCfg = Debug|Win32
		{A58A3C8F-1891-4566-8F0C-54B398938A44}.Debug DLL|x86.Build.0 = Debug|Win32
		{A58A3C8F-1891-4566-8F0C-54B398938A44}.Debug|ARM.ActiveCfg = Debug|Win32
		{A58A3C8F-1891-4566-8F0C-54B398938A44}.Debug|x64.ActiveCfg = Debug|x64
		{A58A3C8F-1891-4566-8F0C-54B398938A44}.Debug|x64.Build.0 = Debug|x64
		{A58A3C8F-1891-4566-8F0C-54B398938A44}.Debug|x86.ActiveCfg = Debug|Win32
		{A58A3C8F-1891-4566-8F0C-54B398938A44}.Debug|x86.Build.0 = Debug|Win32
		{A58A3C8F-1891-4566-8F0C-54B398938A44}.Release|ARM.ActiveCfg = Release|Win32
		{A58A3C8F-1891-4566-8F0C-54B398938A44}.Release|x64.ActiveCfg = Release|x64
		{A58A3C8F-1891-4566-8F0C-54B398938A44}.Release|x64.Build.0 = Release|x64
		{A58A3C8F-1891-4566-8F0C-54B398938A44}.Release|x86.ActiveCfg = Release|Win32
		{A58A3C8F-1891-4566-8F0C-54B398938A44}.Release|x86.Build.0 = Release|Win32
		{91B922B6-4447-4B64-A235-C16E025CAAF2}.Debug DLL|ARM.ActiveCfg = Release|Win32
		{91B922B6-4447-4B64-A235-C16E025CAAF2}.Debug DLL|ARM.Build.0 = Release|Win32
		{91B922B6-4447-4B64-A235-C16E025CAAF2}.Debug DLL|x64.ActiveCfg = Debug|x64
		{91B922B6-4447-4B64-A235-C16E025CAAF2}.Debug DLL|x64.Build.0 = Debug|x64
		{91B922B6-4447-4B64-A235-C16E025CAAF2}.Debug DLL|x86.ActiveCfg = Debug|Win32
		{91B922B6-4447-4B64-A235-C16E025CAAF2}.Debug DLL|x86.Build.0 = Debug|Win32
		{91B922B6-4447-4B64-A235-C16E025CAAF2}.Debug|ARM.ActiveCfg = Debug|Win32
		{91B922B6-4447-4B64-A235-C16E025CAAF2}.Debug|x64.ActiveCfg = Debug|x64
		{91B922B6-4447-4B64-A235-C16E025CAAF2}.Debug|x64.Build.0 = Debug|x64
		{91B922B6-4447-4B64-A235-C16E025CAAF2}.Debug|x86.ActiveCfg = Debug|Win32
		{91B922B6-4447-4B64-A235-C16E025CAAF2}.Debug|x86.Build.0 = Debug|Win32
		{91B922B6-4447-4B64-A235-C16E025CAAF2}.Release|ARM.ActiveCfg = Release|Win32
		{91B922B6-4447-4B64-A235-C16E025CAAF2}.Release|x64.ActiveCfg = Release|x64
		{91B922B6-4447-4B64-A235-C16E025CAAF2}.Release|x64.Build.0 = Release|x64
		{91B922B6-4447-4B64-A235-C16E025CAAF2}.Release|x86.ActiveCfg = Release|Win32
		{91B922B6-4447-4B64-A235-C16E025CAAF2}.Release|x86.Build.0 = Release|Win32
		{8CFB83A4-67D2-4C4E-A0B5-062EFAD0872D}.Debug DLL|ARM.ActiveCfg = Release|x64
		{8CFB83A4-67D2-4C4E-A0B5-062EFAD0872D}.Debug DLL|ARM.Build.0 = Release|x64
		{8CFB83A4-67D2-4C4E-A0B5-062EFAD0872D}.Debug DLL|x64.ActiveCfg = Debug|x64
		{8CFB83A4-67D2-4C4E-A0B5-062EFAD0872D}.Debug DLL|x64.Build.0 = Debug|x64
		{8CFB83A4-67D2-4C4E-A0B5-062EFAD0872D}.Debug DLL|x86.ActiveCfg = Debug|Win32
		{8CFB83A4-67D2-4C4E-A0B5-062EFAD0872D}.Debug DLL|x86.Build.0 = Debug|Win32
		{8CFB83A4-67D2-4C4E-A0B5-062EFAD0872D}.Debug|ARM.ActiveCfg = Debug|Win32
		{8CFB83A4-67D2-4C4E-A0B5-062EFAD0872D}.Debug|x64.ActiveCfg = Debug|x64
		{8CFB83A4-67D2-4C4E-A0B5-062EFAD0872D}.Debug|x64.Build.0 = Debug|x64
		{8CFB83A4-67D2-4C4E-A0B5-062EFAD0872D}.Debug|x86.ActiveCfg = Debug|Win32
		{8CFB83A4-67D2-4C4E-A0B5-062EFAD0872D}.Debug|x86.Build.0 = Debug|Win32
		{8CFB83A4-67D2-4C4E-A0B5-062EFAD0872D}.Release|ARM.ActiveCfg = Release|Win32
		{8CFB83A4-67D2-4C4E-A0B5-062EFAD0872D}.Release|x64.ActiveCfg = Release|x64
		{8CFB83A4-67D2-4C4E-A0B5-062EFAD0872D}.Release|x64.Build.0 = Release|x64
		{8CFB83A4-67D2-4C4E-A0B5-062EFAD0872D}.Release|x86.ActiveCfg = Release|Win32
		{8CFB83A4-67D2-4C4E-A0B5-062EFAD0872D}.Release|x86.Build.0 = Release|Win32
		{2A94ED04-BAFB-45BC-B55B-C4E18F67B728}.Debug DLL|ARM.ActiveCfg = Release|x64
		{2A94ED04-BAFB-45BC-B55B-C4E18F67B728}.Debug DLL|ARM.Build.0 = Release|x64
		{2A94ED04-BAFB-45BC-B55B-C4E18F67B728}.Debug DLL|x64.ActiveCfg = Debug|x64
		{2A94ED04-BAFB-45BC-B55B-C4E18F67B728}.Debug DLL|x64.Build.0 = Debug|x64
		{2A94ED04-BAFB-45BC-B55B-C4E18F67B728}.Debug DLL|x86.ActiveCfg = Debug|Win32
		{2A94ED04-BAFB-45BC-B55B-C4E18F67B728}.Debug DLL|x86.Build.0 = Debug|Win32
		{2A94ED04-BAFB-45BC-B55B-C4E18F67B728}.Debug|ARM.ActiveCfg = Debug|Win32
		{2A94ED04-BAFB-45BC-B55B-C4E18F67B728}.Debug|x64.ActiveCfg = Debug|x64
		{2A94ED04-BAFB-45BC-B55B-C4E18F67B728}.Debug|x64.Build.0 = Debug|x64
		{2A94ED04-BAFB-45BC-B55B-C4E18F67B728}.Debug|x86.ActiveCfg = Debug|Win32
		{2A94ED04-BAFB-45BC-B55B-C4E18F67B728}.Debug|x86.Build.0 = Debug|Win32
		{2A94ED04-BAFB-45BC-B55B-C4E18F67B728}.Release|ARM.ActiveCfg = Release|Win32
		{2A94ED04-BAFB-45BC-B55B-C4E18F67B728}.Release|x64.ActiveCfg = Release|x64
		{2A94ED04-BAFB-45BC-B55B-C4E18F67B728}.Release|x64.Build.0 = Release|x64
		{2A94ED04-BAFB-45BC-B55B-C4E18F67B728}.Release|x86.ActiveCfg = Release|Win32
		{2A94ED04-BAFB-45BC-B55B-C4E18F67B728}.Release|x86.Build.0 = Release|Win32
	EndGlobalSection
	GlobalSection(SolutionProperties) = preSolution
		HideSolutionNode = FALSE
	EndGlobalSection
EndGlobal
