<?xml version="1.0" encoding="utf-8"?>
<Project ToolsVersion="4.0" xmlns="http://schemas.microsoft.com/developer/msbuild/2003">
  <ItemGroup>
    <Filter Include="Source Files">
      <UniqueIdentifier>{4FC737F1-C7A5-4376-A066-2A32D752A2FF}</UniqueIdentifier>
      <Extensions>cpp;c;cc;cxx;def;odl;idl;hpj;bat;asm;asmx</Extensions>
    </Filter>
    <Filter Include="Header Files">
      <UniqueIdentifier>{93995380-89BD-4b04-88EB-625FBE52EBFB}</UniqueIdentifier>
      <Extensions>h;hh;hpp;hxx;hm;inl;inc;xsd</Extensions>
    </Filter>
    <Filter Include="Resource Files">
      <UniqueIdentifier>{67DA6AB6-F800-4c08-8B7A-83BB121AAD01}</UniqueIdentifier>
      <Extensions>rc;ico;cur;bmp;dlg;rc2;rct;bin;rgs;gif;jpg;jpeg;jpe;resx;tiff;tif;png;wav;mfcribbon-ms</Extensions>
    </Filter>
    <Filter Include="Shaders">
      <UniqueIdentifier>{bdc4e380-e156-49b3-977e-fca6dbe59241}</UniqueIdentifier>
    </Filter>
    <Filter Include="Game">
      <UniqueIdentifier>{215780ee-8693-4e85-824a-3d19d9866edb}</UniqueIdentifier>
    </Filter>
    <Filter Include="Game\Header Files">
      <UniqueIdentifier>{bd1428b3-fb09-433b-8bee-bc8bde4b3b78}</UniqueIdentifier>
    </Filter>
    <Filter Include="Game\Source Files">
      <UniqueIdentifier>{0f4756e3-29cf-448b-802d-18e9897c9ee8}</UniqueIdentifier>
    </Filter>
    <Filter Include="Collision">
      <UniqueIdentifier>{ba019494-b22c-4123-90ee-0de5434034dc}</UniqueIdentifier>
    </Filter>
    <Filter Include="GUI">
      <UniqueIdentifier>{881d32c8-7c4f-4ad1-9e49-ab3f48efc576}</UniqueIdentifier>
    </Filter>
  </ItemGroup>
  <ItemGroup>
    <Text Include="ReadMe.txt" />
  </ItemGroup>
  <ItemGroup>
    <ClCompile Include="FloadyEngine.cpp">
      <Filter>Source Files</Filter>
    </ClCompile>
    <ClCompile Include="FD3d12Input.cpp">
      <Filter>Source Files</Filter>
    </ClCompile>
    <ClCompile Include="FD3d12Triangle.cpp">
      <Filter>Source Files</Filter>
    </ClCompile>
    <ClCompile Include="FD3d12Quad.cpp">
      <Filter>Source Files</Filter>
    </ClCompile>
    <ClCompile Include="FFontRenderer.cpp">
      <Filter>Source Files</Filter>
    </ClCompile>
    <ClCompile Include="FMatrix.cpp">
      <Filter>Source Files</Filter>
    </ClCompile>
    <ClCompile Include="FCamera.cpp">
      <Filter>Source Files</Filter>
    </ClCompile>
    <ClCompile Include="FTimer.cpp">
      <Filter>Source Files</Filter>
    </ClCompile>
    <ClCompile Include="FDynamicText.cpp">
      <Filter>Source Files</Filter>
    </ClCompile>
    <ClCompile Include="FShaderManager.cpp">
      <Filter>Source Files</Filter>
    </ClCompile>
    <ClCompile Include="FFontManager.cpp">
      <Filter>Source Files</Filter>
    </ClCompile>
    <ClCompile Include="FJobSystem.cpp">
      <Filter>Source Files</Filter>
    </ClCompile>
    <ClCompile Include="FPrimitiveBox.cpp">
      <Filter>Source Files</Filter>
    </ClCompile>
    <ClCompile Include="FTextureManager.cpp">
      <Filter>Source Files</Filter>
    </ClCompile>
    <ClCompile Include="FLightManager.cpp">
      <Filter>Source Files</Filter>
    </ClCompile>
    <ClCompile Include="FPrimitiveGeometry.cpp">
      <Filter>Source Files</Filter>
    </ClCompile>
    <ClCompile Include="FGame.cpp">
      <Filter>Game\Source Files</Filter>
    </ClCompile>
    <ClCompile Include="FGameCamera.cpp">
      <Filter>Game\Source Files</Filter>
    </ClCompile>
    <ClCompile Include="FRenderWindow.cpp">
      <Filter>Source Files</Filter>
    </ClCompile>
    <ClCompile Include="FD3d12Renderer.cpp">
      <Filter>Source Files</Filter>
    </ClCompile>
    <ClCompile Include="FRenderableObject.cpp">
      <Filter>Source Files</Filter>
    </ClCompile>
    <ClCompile Include="FSceneGraph.cpp">
      <Filter>Source Files</Filter>
    </ClCompile>
    <ClCompile Include="FBulletPhysics.cpp">
      <Filter>Collision</Filter>
    </ClCompile>
    <ClCompile Include="FGameEntity.cpp">
      <Filter>Game\Source Files</Filter>
    </ClCompile>
    <ClCompile Include="FScreenQuad.cpp">
      <Filter>Source Files</Filter>
    </ClCompile>
    <ClCompile Include="GUI\FGUIButton.cpp">
      <Filter>GUI</Filter>
    </ClCompile>
    <ClCompile Include="GUI\FGUIManager.cpp">
      <Filter>GUI</Filter>
    </ClCompile>
    <ClCompile Include="FDebugDrawer.cpp" />
    <ClCompile Include="FDelaunayTriangulate.cpp">
      <Filter>Source Files</Filter>
    </ClCompile>
    <ClCompile Include="F3DPicker.cpp">
      <Filter>Source Files</Filter>
    </ClCompile>
  </ItemGroup>
  <ItemGroup>
    <ClInclude Include="FD3d12Input.h">
      <Filter>Header Files</Filter>
    </ClInclude>
    <ClInclude Include="FD3d12Triangle.h">
      <Filter>Header Files</Filter>
    </ClInclude>
    <ClInclude Include="d3dx12.h">
      <Filter>Header Files</Filter>
    </ClInclude>
    <ClInclude Include="FD3d12Quad.h">
      <Filter>Header Files</Filter>
    </ClInclude>
    <ClInclude Include="FFontRenderer.h">
      <Filter>Header Files</Filter>
    </ClInclude>
    <ClInclude Include="FMatrix.h">
      <Filter>Header Files</Filter>
    </ClInclude>
    <ClInclude Include="FVector3.h">
      <Filter>Header Files</Filter>
    </ClInclude>
    <ClInclude Include="FCamera.h">
      <Filter>Header Files</Filter>
    </ClInclude>
    <ClInclude Include="FTimer.h">
      <Filter>Header Files</Filter>
    </ClInclude>
    <ClInclude Include="FDynamicText.h">
      <Filter>Header Files</Filter>
    </ClInclude>
    <ClInclude Include="FShaderManager.h">
      <Filter>Header Files</Filter>
    </ClInclude>
    <ClInclude Include="FDelegate.h">
      <Filter>Header Files</Filter>
    </ClInclude>
    <ClInclude Include="FFontManager.h">
      <Filter>Header Files</Filter>
    </ClInclude>
    <ClInclude Include="FJobSystem.h">
      <Filter>Header Files</Filter>
    </ClInclude>
    <ClInclude Include="FPrimitiveBox.h">
      <Filter>Header Files</Filter>
    </ClInclude>
    <ClInclude Include="FTextureManager.h">
      <Filter>Header Files</Filter>
    </ClInclude>
    <ClInclude Include="FLightManager.h">
      <Filter>Header Files</Filter>
    </ClInclude>
    <ClInclude Include="FPrimitiveGeometry.h">
      <Filter>Header Files</Filter>
    </ClInclude>
    <ClInclude Include="FGame.h">
      <Filter>Game\Header Files</Filter>
    </ClInclude>
    <ClInclude Include="FGameCamera.h">
      <Filter>Game\Header Files</Filter>
    </ClInclude>
    <ClInclude Include="FRenderWindow.h">
      <Filter>Header Files</Filter>
    </ClInclude>
    <ClInclude Include="FD3d12Renderer.h">
      <Filter>Header Files</Filter>
    </ClInclude>
    <ClInclude Include="FRenderableObject.h">
      <Filter>Header Files</Filter>
    </ClInclude>
    <ClInclude Include="FSceneGraph.h">
      <Filter>Header Files</Filter>
    </ClInclude>
    <ClInclude Include="FBulletPhysics.h">
      <Filter>Collision</Filter>
    </ClInclude>
    <ClInclude Include="FGameEntity.h">
      <Filter>Game\Header Files</Filter>
    </ClInclude>
    <ClInclude Include="FScreenQuad.h">
      <Filter>Header Files</Filter>
    </ClInclude>
    <ClInclude Include="GUI\FGUIButton.h">
      <Filter>GUI</Filter>
    </ClInclude>
    <ClInclude Include="GUI\FGUIManager.h">
      <Filter>GUI</Filter>
    </ClInclude>
    <ClInclude Include="FDebugDrawer.h" />
    <ClInclude Include="FDelaunayTriangulate.h">
      <Filter>Header Files</Filter>
    </ClInclude>
    <ClInclude Include="F3DPicker.h">
      <Filter>Header Files</Filter>
    </ClInclude>
  </ItemGroup>
  <ItemGroup>
    <FxCompile Include="Shaders\lightshader.hlsl">
      <Filter>Shaders</Filter>
    </FxCompile>
    <FxCompile Include="Shaders\lightshader_firstworkingbackup.hlsl">
      <Filter>Shaders</Filter>
    </FxCompile>
    <FxCompile Include="Shaders\primitiveshader.hlsl">
      <Filter>Shaders</Filter>
    </FxCompile>
    <FxCompile Include="Shaders\primitiveshader_deferred.hlsl">
      <Filter>Shaders</Filter>
    </FxCompile>
    <FxCompile Include="Shaders\primitiveshader_deferredShadows.hlsl">
      <Filter>Shaders</Filter>
    </FxCompile>
    <FxCompile Include="Shaders\shaders.hlsl">
      <Filter>Shaders</Filter>
    </FxCompile>
    <FxCompile Include="Shaders\xxxxxshaders.hlsl">
      <Filter>Shaders</Filter>
    </FxCompile>
  </ItemGroup>
</Project>