<?xml version="1.0" encoding="utf-8"?>
<Project ToolsVersion="4.0" xmlns="http://schemas.microsoft.com/developer/msbuild/2003">
  <ItemGroup>
    <Filter Include="Source Files">
      <UniqueIdentifier>{4FC737F1-C7A5-4376-A066-2A32D752A2FF}</UniqueIdentifier>
      <Extensions>cpp;c;cc;cxx;def;odl;idl;hpj;bat;asm;asmx</Extensions>
    </Filter>
    <Filter Include="Header Files">
      <UniqueIdentifier>{93995380-89BD-4b04-88EB-625FBE52EBFB}</UniqueIdentifier>
      <Extensions>h;hh;hpp;hxx;hm;inl;inc;xsd</Extensions>
    </Filter>
    <Filter Include="Resource Files">
      <UniqueIdentifier>{67DA6AB6-F800-4c08-8B7A-83BB121AAD01}</UniqueIdentifier>
      <Extensions>rc;ico;cur;bmp;dlg;rc2;rct;bin;rgs;gif;jpg;jpeg;jpe;resx;tiff;tif;png;wav;mfcribbon-ms</Extensions>
    </Filter>
    <Filter Include="Shaders">
      <UniqueIdentifier>{bdc4e380-e156-49b3-977e-fca6dbe59241}</UniqueIdentifier>
    </Filter>
    <Filter Include="Game">
      <UniqueIdentifier>{215780ee-8693-4e85-824a-3d19d9866edb}</UniqueIdentifier>
    </Filter>
    <Filter Include="GUI">
      <UniqueIdentifier>{881d32c8-7c4f-4ad1-9e49-ab3f48efc576}</UniqueIdentifier>
    </Filter>
    <Filter Include="Game\Entities">
      <UniqueIdentifier>{5b14b650-7260-4a50-8107-50ffab2b801c}</UniqueIdentifier>
    </Filter>
    <Filter Include="Game\Entities\Header Files">
      <UniqueIdentifier>{541bf39f-1572-433c-b92a-1c6becab0c8e}</UniqueIdentifier>
    </Filter>
    <Filter Include="Game\Entities\Source Files">
      <UniqueIdentifier>{3d6a7c3e-f71a-4729-b7ee-b42dd4013f43}</UniqueIdentifier>
    </Filter>
    <Filter Include="Game\Camera">
      <UniqueIdentifier>{7c6774a7-c79f-4699-97a0-4a9e4d823eb9}</UniqueIdentifier>
    </Filter>
    <Filter Include="Game\Camera\Header Files">
      <UniqueIdentifier>{b57c5edd-b5d6-452e-953f-766c24d74e47}</UniqueIdentifier>
    </Filter>
    <Filter Include="Game\Camera\Source Files">
      <UniqueIdentifier>{247f8afc-4927-4842-b02f-54731dab9c43}</UniqueIdentifier>
    </Filter>
    <Filter Include="Game\GameUI">
      <UniqueIdentifier>{ded359e3-e754-41b6-a0bf-1eba989a0a8c}</UniqueIdentifier>
    </Filter>
    <Filter Include="Game\ThrowableBallistics">
      <UniqueIdentifier>{9b4d991b-c708-4d43-af7c-5cbd0acfe6ef}</UniqueIdentifier>
    </Filter>
  </ItemGroup>
  <ItemGroup>
    <Text Include="ReadMe.txt" />
  </ItemGroup>
  <ItemGroup>
    <ClCompile Include="FloadyEngine.cpp">
      <Filter>Source Files</Filter>
    </ClCompile>
    <ClCompile Include="FD3d12Input.cpp">
      <Filter>Source Files</Filter>
    </ClCompile>
    <ClCompile Include="FD3d12Quad.cpp">
      <Filter>Source Files</Filter>
    </ClCompile>
    <ClCompile Include="FCamera.cpp">
      <Filter>Source Files</Filter>
    </ClCompile>
    <ClCompile Include="FTimer.cpp">
      <Filter>Source Files</Filter>
    </ClCompile>
    <ClCompile Include="FDynamicText.cpp">
      <Filter>Source Files</Filter>
    </ClCompile>
    <ClCompile Include="FShaderManager.cpp">
      <Filter>Source Files</Filter>
    </ClCompile>
    <ClCompile Include="FFontManager.cpp">
      <Filter>Source Files</Filter>
    </ClCompile>
    <ClCompile Include="FJobSystem.cpp">
      <Filter>Source Files</Filter>
    </ClCompile>
    <ClCompile Include="FTextureManager.cpp">
      <Filter>Source Files</Filter>
    </ClCompile>
    <ClCompile Include="FLightManager.cpp">
      <Filter>Source Files</Filter>
    </ClCompile>
    <ClCompile Include="FPrimitiveGeometry.cpp">
      <Filter>Source Files</Filter>
    </ClCompile>
    <ClCompile Include="FRenderWindow.cpp">
      <Filter>Source Files</Filter>
    </ClCompile>
    <ClCompile Include="FD3d12Renderer.cpp">
      <Filter>Source Files</Filter>
    </ClCompile>
    <ClCompile Include="FRenderableObject.cpp">
      <Filter>Source Files</Filter>
    </ClCompile>
    <ClCompile Include="FSceneGraph.cpp">
      <Filter>Source Files</Filter>
    </ClCompile>
    <ClCompile Include="FScreenQuad.cpp">
      <Filter>Source Files</Filter>
    </ClCompile>
    <ClCompile Include="GUI\FGUIButton.cpp">
      <Filter>GUI</Filter>
    </ClCompile>
    <ClCompile Include="GUI\FGUIManager.cpp">
      <Filter>GUI</Filter>
    </ClCompile>
    <ClCompile Include="FDebugDrawer.cpp" />
    <ClCompile Include="FNavMeshManager.cpp">
      <Filter>Source Files</Filter>
    </ClCompile>
    <ClCompile Include="FPostProcessEffect.cpp">
      <Filter>Source Files</Filter>
    </ClCompile>
    <ClCompile Include="FProfiler.cpp">
      <Filter>Source Files</Filter>
    </ClCompile>
    <ClCompile Include="FNavMeshManagerRecast.cpp">
      <Filter>Source Files</Filter>
    </ClCompile>
    <ClCompile Include="FUtilities.cpp">
      <Filter>Source Files</Filter>
    </ClCompile>
    <ClCompile Include="FPrimitiveBoxColorOverride.cpp">
      <Filter>Source Files</Filter>
    </ClCompile>
    <ClCompile Include="FPrimitiveBoxMultiTex.cpp">
      <Filter>Source Files</Filter>
    </ClCompile>
    <ClCompile Include="FGameEntityComponent.cpp">
      <Filter>Game\Entities\Source Files</Filter>
    </ClCompile>
    <ClCompile Include="FGameEntityFactory.cpp">
      <Filter>Game\Entities\Source Files</Filter>
    </ClCompile>
    <ClCompile Include="FGameTerrain.cpp">
      <Filter>Game\Entities\Source Files</Filter>
    </ClCompile>
    <ClCompile Include="FPathfindComponent.cpp">
      <Filter>Game\Entities\Source Files</Filter>
    </ClCompile>
    <ClCompile Include="FPhysicsComponent.cpp">
      <Filter>Game\Entities\Source Files</Filter>
    </ClCompile>
    <ClCompile Include="FRenderMeshComponent.cpp">
      <Filter>Game\Entities\Source Files</Filter>
    </ClCompile>
    <ClCompile Include="FGameEntity.cpp">
      <Filter>Game\Entities\Source Files</Filter>
    </ClCompile>
    <ClCompile Include="FGame.cpp">
      <Filter>Game</Filter>
    </ClCompile>
    <ClCompile Include="FGameCamera.cpp">
      <Filter>Game\Camera\Source Files</Filter>
    </ClCompile>
    <ClCompile Include="FGameUIManager.cpp">
      <Filter>Game\GameUI</Filter>
    </ClCompile>
    <ClCompile Include="FGameUIPanel.cpp">
      <Filter>Game\GameUI</Filter>
    </ClCompile>
    <ClCompile Include="FGameUIPanelBuildings.cpp">
      <Filter>Game\GameUI</Filter>
    </ClCompile>
    <ClCompile Include="FGameUIPanelDebug.cpp">
      <Filter>Game\GameUI</Filter>
    </ClCompile>
    <ClCompile Include="FGUIButtonToggle.cpp">
      <Filter>GUI</Filter>
    </ClCompile>
    <ClCompile Include="FSkyBox.cpp">
      <Filter>Game</Filter>
    </ClCompile>
    <ClCompile Include="FPlacingManager.cpp">
      <Filter>Game</Filter>
    </ClCompile>
    <ClCompile Include="FGameLevel.cpp">
      <Filter>Game</Filter>
    </ClCompile>
    <ClCompile Include="FGameHighlightManager.cpp">
      <Filter>Game</Filter>
    </ClCompile>
    <ClCompile Include="FGameBuildingManager.cpp">
      <Filter>Game</Filter>
    </ClCompile>
    <ClCompile Include="FGameBuilding.cpp">
      <Filter>Game</Filter>
    </ClCompile>
    <ClCompile Include="FGameAgent.cpp">
      <Filter>Game</Filter>
    </ClCompile>
    <ClCompile Include="F3DPicker.cpp">
      <Filter>Game</Filter>
    </ClCompile>
    <ClCompile Include="FMeshManager.cpp">
      <Filter>Source Files</Filter>
    </ClCompile>
    <ClCompile Include="FPrimitiveBoxInstanced.cpp">
      <Filter>Source Files</Filter>
    </ClCompile>
    <ClCompile Include="FMeshInstanceManager.cpp">
      <Filter>Source Files</Filter>
    </ClCompile>
    <ClCompile Include="FThrowableTrajectory.cpp">
      <Filter>Source Files</Filter>
    </ClCompile>
    <ClCompile Include="FLightComponent.cpp">
      <Filter>Game\Entities\Source Files</Filter>
    </ClCompile>
  </ItemGroup>
  <ItemGroup>
    <ClInclude Include="FD3d12Input.h">
      <Filter>Header Files</Filter>
    </ClInclude>
    <ClInclude Include="d3dx12.h">
      <Filter>Header Files</Filter>
    </ClInclude>
    <ClInclude Include="FD3d12Quad.h">
      <Filter>Header Files</Filter>
    </ClInclude>
    <ClInclude Include="FCamera.h">
      <Filter>Header Files</Filter>
    </ClInclude>
    <ClInclude Include="FTimer.h">
      <Filter>Header Files</Filter>
    </ClInclude>
    <ClInclude Include="FDynamicText.h">
      <Filter>Header Files</Filter>
    </ClInclude>
    <ClInclude Include="FShaderManager.h">
      <Filter>Header Files</Filter>
    </ClInclude>
    <ClInclude Include="FDelegate.h">
      <Filter>Header Files</Filter>
    </ClInclude>
    <ClInclude Include="FFontManager.h">
      <Filter>Header Files</Filter>
    </ClInclude>
    <ClInclude Include="FJobSystem.h">
      <Filter>Header Files</Filter>
    </ClInclude>
    <ClInclude Include="FTextureManager.h">
      <Filter>Header Files</Filter>
    </ClInclude>
    <ClInclude Include="FLightManager.h">
      <Filter>Header Files</Filter>
    </ClInclude>
    <ClInclude Include="FPrimitiveGeometry.h">
      <Filter>Header Files</Filter>
    </ClInclude>
    <ClInclude Include="FRenderWindow.h">
      <Filter>Header Files</Filter>
    </ClInclude>
    <ClInclude Include="FD3d12Renderer.h">
      <Filter>Header Files</Filter>
    </ClInclude>
    <ClInclude Include="FRenderableObject.h">
      <Filter>Header Files</Filter>
    </ClInclude>
    <ClInclude Include="FSceneGraph.h">
      <Filter>Header Files</Filter>
    </ClInclude>
    <ClInclude Include="FScreenQuad.h">
      <Filter>Header Files</Filter>
    </ClInclude>
    <ClInclude Include="GUI\FGUIButton.h">
      <Filter>GUI</Filter>
    </ClInclude>
    <ClInclude Include="GUI\FGUIManager.h">
      <Filter>GUI</Filter>
    </ClInclude>
    <ClInclude Include="FDebugDrawer.h" />
    <ClInclude Include="FNavMeshManager.h">
      <Filter>Header Files</Filter>
    </ClInclude>
    <ClInclude Include="FPostProcessEffect.h">
      <Filter>Header Files</Filter>
    </ClInclude>
    <ClInclude Include="FProfiler.h">
      <Filter>Header Files</Filter>
    </ClInclude>
    <ClInclude Include="FNavMeshManagerRecast.h">
      <Filter>Header Files</Filter>
    </ClInclude>
    <ClInclude Include="FUtilities.h">
      <Filter>Header Files</Filter>
    </ClInclude>
    <ClInclude Include="FPrimitiveBoxColorOverride.h">
      <Filter>Header Files</Filter>
    </ClInclude>
    <ClInclude Include="FPrimitiveBoxMultiTex.h">
      <Filter>Header Files</Filter>
    </ClInclude>
    <ClInclude Include="FGameEntityComponent.h">
      <Filter>Game\Entities\Header Files</Filter>
    </ClInclude>
    <ClInclude Include="FGameEntityFactory.h">
      <Filter>Game\Entities\Header Files</Filter>
    </ClInclude>
    <ClInclude Include="FGameTerrain.h">
      <Filter>Game\Entities\Header Files</Filter>
    </ClInclude>
    <ClInclude Include="FPathfindComponent.h">
      <Filter>Game\Entities\Header Files</Filter>
    </ClInclude>
    <ClInclude Include="FPhysicsComponent.h">
      <Filter>Game\Entities\Header Files</Filter>
    </ClInclude>
    <ClInclude Include="FRenderMeshComponent.h">
      <Filter>Game\Entities\Header Files</Filter>
    </ClInclude>
    <ClInclude Include="FGameEntity.h">
      <Filter>Game\Entities\Header Files</Filter>
    </ClInclude>
    <ClInclude Include="FGame.h">
      <Filter>Game</Filter>
    </ClInclude>
    <ClInclude Include="FGameCamera.h">
      <Filter>Game\Camera\Header Files</Filter>
    </ClInclude>
    <ClInclude Include="FGameUIManager.h">
      <Filter>Game\GameUI</Filter>
    </ClInclude>
    <ClInclude Include="FGameUIPanel.h">
      <Filter>Game\GameUI</Filter>
    </ClInclude>
    <ClInclude Include="FGameUIPanelBuildings.h">
      <Filter>Game\GameUI</Filter>
    </ClInclude>
    <ClInclude Include="FGameUIPanelDebug.h">
      <Filter>Game\GameUI</Filter>
    </ClInclude>
    <ClInclude Include="FGUIButtonToggle.h">
      <Filter>GUI</Filter>
    </ClInclude>
    <ClInclude Include="FSkyBox.h">
      <Filter>Game</Filter>
    </ClInclude>
    <ClInclude Include="FGameHighlightManager.h">
      <Filter>Game</Filter>
    </ClInclude>
    <ClInclude Include="FGameLevel.h">
      <Filter>Game</Filter>
    </ClInclude>
    <ClInclude Include="FPlacingManager.h">
      <Filter>Game</Filter>
    </ClInclude>
    <ClInclude Include="F3DPicker.h">
      <Filter>Game</Filter>
    </ClInclude>
    <ClInclude Include="FGameBuilding.h">
      <Filter>Game</Filter>
    </ClInclude>
    <ClInclude Include="FGameBuildingManager.h">
      <Filter>Game</Filter>
    </ClInclude>
    <ClInclude Include="FGameAgent.h">
      <Filter>Game</Filter>
    </ClInclude>
    <ClInclude Include="FMeshManager.h">
      <Filter>Header Files</Filter>
    </ClInclude>
    <ClInclude Include="FPrimitiveBoxInstanced.h">
      <Filter>Header Files</Filter>
    </ClInclude>
    <ClInclude Include="FMeshInstanceManager.h">
      <Filter>Header Files</Filter>
    </ClInclude>
    <ClInclude Include="FThrowableTrajectory.h">
      <Filter>Header Files</Filter>
    </ClInclude>
    <ClInclude Include="FLightComponent.h">
      <Filter>Game\Entities\Header Files</Filter>
    </ClInclude>
  </ItemGroup>
  <ItemGroup>
    <FxCompile Include="Shaders\lightshader.hlsl">
      <Filter>Shaders</Filter>
    </FxCompile>
    <FxCompile Include="Shaders\lightshader_firstworkingbackup.hlsl">
      <Filter>Shaders</Filter>
    </FxCompile>
    <FxCompile Include="Shaders\primitiveshader.hlsl">
      <Filter>Shaders</Filter>
    </FxCompile>
    <FxCompile Include="Shaders\primitiveshader_deferred.hlsl">
      <Filter>Shaders</Filter>
    </FxCompile>
    <FxCompile Include="Shaders\primitiveshader_deferredShadows.hlsl">
      <Filter>Shaders</Filter>
    </FxCompile>
    <FxCompile Include="Shaders\shaders.hlsl">
      <Filter>Shaders</Filter>
    </FxCompile>
    <FxCompile Include="Shaders\xxxxxshaders.hlsl">
      <Filter>Shaders</Filter>
    </FxCompile>
  </ItemGroup>
  <ItemGroup>
    <None Include="packages.config" />
  </ItemGroup>
</Project>